// !$*UTF8*$!
{
	archiveVersion = 1;
	classes = {
	};
	objectVersion = 46;
	objects = {

/* Begin PBXBuildFile section */
		1D116D62171DE27B008710D5 /* RecipeDetailViewController.m in Sources */ = {isa = PBXBuildFile; fileRef = 1D116D61171DE27B008710D5 /* RecipeDetailViewController.m */; };
		1D14C528171CC4C0006B2CB1 /* UIKit.framework in Frameworks */ = {isa = PBXBuildFile; fileRef = 1D14C527171CC4C0006B2CB1 /* UIKit.framework */; };
		1D14C52A171CC4C0006B2CB1 /* Foundation.framework in Frameworks */ = {isa = PBXBuildFile; fileRef = 1D14C529171CC4C0006B2CB1 /* Foundation.framework */; };
		1D14C52C171CC4C0006B2CB1 /* CoreGraphics.framework in Frameworks */ = {isa = PBXBuildFile; fileRef = 1D14C52B171CC4C0006B2CB1 /* CoreGraphics.framework */; };
		1D14C532171CC4C0006B2CB1 /* InfoPlist.strings in Resources */ = {isa = PBXBuildFile; fileRef = 1D14C530171CC4C0006B2CB1 /* InfoPlist.strings */; };
		1D14C534171CC4C0006B2CB1 /* main.m in Sources */ = {isa = PBXBuildFile; fileRef = 1D14C533171CC4C0006B2CB1 /* main.m */; };
		1D14C538171CC4C0006B2CB1 /* FGAppDelegate.m in Sources */ = {isa = PBXBuildFile; fileRef = 1D14C537171CC4C0006B2CB1 /* FGAppDelegate.m */; };
		1D14C53A171CC4C0006B2CB1 /* Default.png in Resources */ = {isa = PBXBuildFile; fileRef = 1D14C539171CC4C0006B2CB1 /* Default.png */; };
		1D14C53C171CC4C0006B2CB1 /* Default@2x.png in Resources */ = {isa = PBXBuildFile; fileRef = 1D14C53B171CC4C0006B2CB1 /* Default@2x.png */; };
		1D14C53E171CC4C0006B2CB1 /* Default-568h@2x.png in Resources */ = {isa = PBXBuildFile; fileRef = 1D14C53D171CC4C0006B2CB1 /* Default-568h@2x.png */; };
		1D14C541171CC4C0006B2CB1 /* MainStoryboard.storyboard in Resources */ = {isa = PBXBuildFile; fileRef = 1D14C53F171CC4C0006B2CB1 /* MainStoryboard.storyboard */; };
		1D14C544171CC4C0006B2CB1 /* FGViewController.m in Sources */ = {isa = PBXBuildFile; fileRef = 1D14C543171CC4C0006B2CB1 /* FGViewController.m */; };
		1D14C54C171CC5C0006B2CB1 /* food-menu.plist in Resources */ = {isa = PBXBuildFile; fileRef = 1D14C54B171CC5C0006B2CB1 /* food-menu.plist */; };
/* End PBXBuildFile section */

/* Begin PBXFileReference section */
		1D116D60171DE27B008710D5 /* RecipeDetailViewController.h */ = {isa = PBXFileReference; fileEncoding = 4; lastKnownFileType = sourcecode.c.h; path = RecipeDetailViewController.h; sourceTree = "<group>"; };
		1D116D61171DE27B008710D5 /* RecipeDetailViewController.m */ = {isa = PBXFileReference; fileEncoding = 4; lastKnownFileType = sourcecode.c.objc; path = RecipeDetailViewController.m; sourceTree = "<group>"; };
		1D14C524171CC4C0006B2CB1 /* RecipeBook.app */ = {isa = PBXFileReference; explicitFileType = wrapper.application; includeInIndex = 0; path = RecipeBook.app; sourceTree = BUILT_PRODUCTS_DIR; };
		1D14C527171CC4C0006B2CB1 /* UIKit.framework */ = {isa = PBXFileReference; lastKnownFileType = wrapper.framework; name = UIKit.framework; path = System/Library/Frameworks/UIKit.framework; sourceTree = SDKROOT; };
		1D14C529171CC4C0006B2CB1 /* Foundation.framework */ = {isa = PBXFileReference; lastKnownFileType = wrapper.framework; name = Foundation.framework; path = System/Library/Frameworks/Foundation.framework; sourceTree = SDKROOT; };
		1D14C52B171CC4C0006B2CB1 /* CoreGraphics.framework */ = {isa = PBXFileReference; lastKnownFileType = wrapper.framework; name = CoreGraphics.framework; path = System/Library/Frameworks/CoreGraphics.framework; sourceTree = SDKROOT; };
		1D14C52F171CC4C0006B2CB1 /* RecipeBook-Info.plist */ = {isa = PBXFileReference; lastKnownFileType = text.plist.xml; path = "RecipeBook-Info.plist"; sourceTree = "<group>"; };
		1D14C531171CC4C0006B2CB1 /* en */ = {isa = PBXFileReference; lastKnownFileType = text.plist.strings; name = en; path = en.lproj/InfoPlist.strings; sourceTree = "<group>"; };
		1D14C533171CC4C0006B2CB1 /* main.m */ = {isa = PBXFileReference; lastKnownFileType = sourcecode.c.objc; path = main.m; sourceTree = "<group>"; };
		1D14C535171CC4C0006B2CB1 /* RecipeBook-Prefix.pch */ = {isa = PBXFileReference; lastKnownFileType = sourcecode.c.h; path = "RecipeBook-Prefix.pch"; sourceTree = "<group>"; };
		1D14C536171CC4C0006B2CB1 /* FGAppDelegate.h */ = {isa = PBXFileReference; lastKnownFileType = sourcecode.c.h; path = FGAppDelegate.h; sourceTree = "<group>"; };
		1D14C537171CC4C0006B2CB1 /* FGAppDelegate.m */ = {isa = PBXFileReference; lastKnownFileType = sourcecode.c.objc; path = FGAppDelegate.m; sourceTree = "<group>"; };
		1D14C539171CC4C0006B2CB1 /* Default.png */ = {isa = PBXFileReference; lastKnownFileType = image.png; path = Default.png; sourceTree = "<group>"; };
		1D14C53B171CC4C0006B2CB1 /* Default@2x.png */ = {isa = PBXFileReference; lastKnownFileType = image.png; path = "Default@2x.png"; sourceTree = "<group>"; };
		1D14C53D171CC4C0006B2CB1 /* Default-568h@2x.png */ = {isa = PBXFileReference; lastKnownFileType = image.png; path = "Default-568h@2x.png"; sourceTree = "<group>"; };
		1D14C540171CC4C0006B2CB1 /* en */ = {isa = PBXFileReference; lastKnownFileType = file.storyboard; name = en; path = en.lproj/MainStoryboard.storyboard; sourceTree = "<group>"; };
		1D14C542171CC4C0006B2CB1 /* FGViewController.h */ = {isa = PBXFileReference; lastKnownFileType = sourcecode.c.h; path = FGViewController.h; sourceTree = "<group>"; };
		1D14C543171CC4C0006B2CB1 /* FGViewController.m */ = {isa = PBXFileReference; lastKnownFileType = sourcecode.c.objc; path = FGViewController.m; sourceTree = "<group>"; };
		1D14C54B171CC5C0006B2CB1 /* food-menu.plist */ = {isa = PBXFileReference; fileEncoding = 4; lastKnownFileType = text.plist.xml; name = "food-menu.plist"; path = "resources/food-menu.plist"; sourceTree = "<group>"; };
/* End PBXFileReference section */

/* Begin PBXFrameworksBuildPhase section */
		1D14C521171CC4C0006B2CB1 /* Frameworks */ = {
			isa = PBXFrameworksBuildPhase;
			buildActionMask = 2147483647;
			files = (
				1D14C528171CC4C0006B2CB1 /* UIKit.framework in Frameworks */,
				1D14C52A171CC4C0006B2CB1 /* Foundation.framework in Frameworks */,
				1D14C52C171CC4C0006B2CB1 /* CoreGraphics.framework in Frameworks */,
			);
			runOnlyForDeploymentPostprocessing = 0;
		};
/* End PBXFrameworksBuildPhase section */

/* Begin PBXGroup section */
		1D14C51B171CC4C0006B2CB1 = {
			isa = PBXGroup;
			children = (
				1D14C54A171CC571006B2CB1 /* resources */,
				1D14C52D171CC4C0006B2CB1 /* RecipeBook */,
				1D14C526171CC4C0006B2CB1 /* Frameworks */,
				1D14C525171CC4C0006B2CB1 /* Products */,
			);
			sourceTree = "<group>";
		};
		1D14C525171CC4C0006B2CB1 /* Products */ = {
			isa = PBXGroup;
			children = (
				1D14C524171CC4C0006B2CB1 /* RecipeBook.app */,
			);
			name = Products;
			sourceTree = "<group>";
		};
		1D14C526171CC4C0006B2CB1 /* Frameworks */ = {
			isa = PBXGroup;
			children = (
				1D14C527171CC4C0006B2CB1 /* UIKit.framework */,
				1D14C529171CC4C0006B2CB1 /* Foundation.framework */,
				1D14C52B171CC4C0006B2CB1 /* CoreGraphics.framework */,
			);
			name = Frameworks;
			sourceTree = "<group>";
		};
		1D14C52D171CC4C0006B2CB1 /* RecipeBook */ = {
			isa = PBXGroup;
			children = (
				1D14C536171CC4C0006B2CB1 /* FGAppDelegate.h */,
				1D14C537171CC4C0006B2CB1 /* FGAppDelegate.m */,
				1D14C53F171CC4C0006B2CB1 /* MainStoryboard.storyboard */,
				1D14C542171CC4C0006B2CB1 /* FGViewController.h */,
				1D14C543171CC4C0006B2CB1 /* FGViewController.m */,
				1D116D60171DE27B008710D5 /* RecipeDetailViewController.h */,
				1D116D61171DE27B008710D5 /* RecipeDetailViewController.m */,
				1D14C52E171CC4C0006B2CB1 /* Supporting Files */,
			);
			path = RecipeBook;
			sourceTree = "<group>";
		};
		1D14C52E171CC4C0006B2CB1 /* Supporting Files */ = {
			isa = PBXGroup;
			children = (
				1D14C52F171CC4C0006B2CB1 /* RecipeBook-Info.plist */,
				1D14C530171CC4C0006B2CB1 /* InfoPlist.strings */,
				1D14C533171CC4C0006B2CB1 /* main.m */,
				1D14C535171CC4C0006B2CB1 /* RecipeBook-Prefix.pch */,
				1D14C539171CC4C0006B2CB1 /* Default.png */,
				1D14C53B171CC4C0006B2CB1 /* Default@2x.png */,
				1D14C53D171CC4C0006B2CB1 /* Default-568h@2x.png */,
			);
			name = "Supporting Files";
			sourceTree = "<group>";
		};
		1D14C54A171CC571006B2CB1 /* resources */ = {
			isa = PBXGroup;
			children = (
				1D14C54B171CC5C0006B2CB1 /* food-menu.plist */,
			);
			name = resources;
			sourceTree = "<group>";
		};
/* End PBXGroup section */

/* Begin PBXNativeTarget section */
		1D14C523171CC4C0006B2CB1 /* RecipeBook */ = {
			isa = PBXNativeTarget;
			buildConfigurationList = 1D14C547171CC4C0006B2CB1 /* Build configuration list for PBXNativeTarget "RecipeBook" */;
			buildPhases = (
				1D14C520171CC4C0006B2CB1 /* Sources */,
				1D14C521171CC4C0006B2CB1 /* Frameworks */,
				1D14C522171CC4C0006B2CB1 /* Resources */,
			);
			buildRules = (
			);
			dependencies = (
			);
			name = RecipeBook;
			productName = RecipeBook;
			productReference = 1D14C524171CC4C0006B2CB1 /* RecipeBook.app */;
			productType = "com.apple.product-type.application";
		};
/* End PBXNativeTarget section */

/* Begin PBXProject section */
		1D14C51C171CC4C0006B2CB1 /* Project object */ = {
			isa = PBXProject;
			attributes = {
				CLASSPREFIX = FG;
				LastUpgradeCheck = 0460;
				ORGANIZATIONNAME = "Le Quoc Viet";
			};
			buildConfigurationList = 1D14C51F171CC4C0006B2CB1 /* Build configuration list for PBXProject "RecipeBook" */;
			compatibilityVersion = "Xcode 3.2";
			developmentRegion = English;
			hasScannedForEncodings = 0;
			knownRegions = (
				en,
			);
			mainGroup = 1D14C51B171CC4C0006B2CB1;
			productRefGroup = 1D14C525171CC4C0006B2CB1 /* Products */;
			projectDirPath = "";
			projectRoot = "";
			targets = (
				1D14C523171CC4C0006B2CB1 /* RecipeBook */,
			);
		};
/* End PBXProject section */

/* Begin PBXResourcesBuildPhase section */
		1D14C522171CC4C0006B2CB1 /* Resources */ = {
			isa = PBXResourcesBuildPhase;
			buildActionMask = 2147483647;
			files = (
				1D14C532171CC4C0006B2CB1 /* InfoPlist.strings in Resources */,
				1D14C53A171CC4C0006B2CB1 /* Default.png in Resources */,
				1D14C53C171CC4C0006B2CB1 /* Default@2x.png in Resources */,
				1D14C53E171CC4C0006B2CB1 /* Default-568h@2x.png in Resources */,
				1D14C541171CC4C0006B2CB1 /* MainStoryboard.storyboard in Resources */,
				1D14C54C171CC5C0006B2CB1 /* food-menu.plist in Resources */,
			);
			runOnlyForDeploymentPostprocessing = 0;
		};
/* End PBXResourcesBuildPhase section */

/* Begin PBXSourcesBuildPhase section */
		1D14C520171CC4C0006B2CB1 /* Sources */ = {
			isa = PBXSourcesBuildPhase;
			buildActionMask = 2147483647;
			files = (
				1D14C534171CC4C0006B2CB1 /* main.m in Sources */,
				1D14C538171CC4C0006B2CB1 /* FGAppDelegate.m in Sources */,
				1D14C544171CC4C0006B2CB1 /* FGViewController.m in Sources */,
				1D116D62171DE27B008710D5 /* RecipeDetailViewController.m in Sources */,
			);
			runOnlyForDeploymentPostprocessing = 0;
		};
/* End PBXSourcesBuildPhase section */

/* Begin PBXVariantGroup section */
		1D14C530171CC4C0006B2CB1 /* InfoPlist.strings */ = {
			isa = PBXVariantGroup;
			children = (
				1D14C531171CC4C0006B2CB1 /* en */,
			);
			name = InfoPlist.strings;
			sourceTree = "<group>";
		};
		1D14C53F171CC4C0006B2CB1 /* MainStoryboard.storyboard */ = {
			isa = PBXVariantGroup;
			children = (
				1D14C540171CC4C0006B2CB1 /* en */,
			);
			name = MainStoryboard.storyboard;
			sourceTree = "<group>";
		};
/* End PBXVariantGroup section */

/* Begin XCBuildConfiguration section */
		1D14C545171CC4C0006B2CB1 /* Debug */ = {
			isa = XCBuildConfiguration;
			buildSettings = {
				ALWAYS_SEARCH_USER_PATHS = NO;
				CLANG_CXX_LANGUAGE_STANDARD = "gnu++0x";
				CLANG_CXX_LIBRARY = "libc++";
				CLANG_ENABLE_OBJC_ARC = YES;
				CLANG_WARN_CONSTANT_CONVERSION = YES;
				CLANG_WARN_EMPTY_BODY = YES;
				CLANG_WARN_ENUM_CONVERSION = YES;
				CLANG_WARN_INT_CONVERSION = YES;
				CLANG_WARN__DUPLICATE_METHOD_MATCH = YES;
				"CODE_SIGN_IDENTITY[sdk=iphoneos*]" = "iPhone Developer";
				COPY_PHASE_STRIP = NO;
				GCC_C_LANGUAGE_STANDARD = gnu99;
				GCC_DYNAMIC_NO_PIC = NO;
				GCC_OPTIMIZATION_LEVEL = 0;
				GCC_PREPROCESSOR_DEFINITIONS = (
					"DEBUG=1",
					"$(inherited)",
				);
				GCC_SYMBOLS_PRIVATE_EXTERN = NO;
				GCC_WARN_ABOUT_RETURN_TYPE = YES;
				GCC_WARN_UNINITIALIZED_AUTOS = YES;
				GCC_WARN_UNUSED_VARIABLE = YES;
				IPHONEOS_DEPLOYMENT_TARGET = 6.1;
				ONLY_ACTIVE_ARCH = YES;
				SDKROOT = iphoneos;
			};
			name = Debug;
		};
		1D14C546171CC4C0006B2CB1 /* Release */ = {
			isa = XCBuildConfiguration;
			buildSettings = {
				ALWAYS_SEARCH_USER_PATHS = NO;
				CLANG_CXX_LANGUAGE_STANDARD = "gnu++0x";
				CLANG_CXX_LIBRARY = "libc++";
				CLANG_ENABLE_OBJC_ARC = YES;
				CLANG_WARN_CONSTANT_CONVERSION = YES;
				CLANG_WARN_EMPTY_BODY = YES;
				CLANG_WARN_ENUM_CONVERSION = YES;
				CLANG_WARN_INT_CONVERSION = YES;
				CLANG_WARN__DUPLICATE_METHOD_MATCH = YES;
				"CODE_SIGN_IDENTITY[sdk=iphoneos*]" = "iPhone Developer";
				COPY_PHASE_STRIP = YES;
				GCC_C_LANGUAGE_STANDARD = gnu99;
				GCC_WARN_ABOUT_RETURN_TYPE = YES;
				GCC_WARN_UNINITIALIZED_AUTOS = YES;
				GCC_WARN_UNUSED_VARIABLE = YES;
				IPHONEOS_DEPLOYMENT_TARGET = 6.1;
				OTHER_CFLAGS = "-DNS_BLOCK_ASSERTIONS=1";
				SDKROOT = iphoneos;
				VALIDATE_PRODUCT = YES;
			};
			name = Release;
		};
		1D14C548171CC4C0006B2CB1 /* Debug */ = {
			isa = XCBuildConfiguration;
			buildSettings = {
				GCC_PRECOMPILE_PREFIX_HEADER = YES;
				GCC_PREFIX_HEADER = "RecipeBook/RecipeBook-Prefix.pch";
				INFOPLIST_FILE = "RecipeBook/RecipeBook-Info.plist";
				IPHONEOS_DEPLOYMENT_TARGET = 5.1;
				PRODUCT_NAME = "$(TARGET_NAME)";
				WRAPPER_EXTENSION = app;
			};
			name = Debug;
		};
		1D14C549171CC4C0006B2CB1 /* Release */ = {
			isa = XCBuildConfiguration;
			buildSettings = {
				GCC_PRECOMPILE_PREFIX_HEADER = YES;
				GCC_PREFIX_HEADER = "RecipeBook/RecipeBook-Prefix.pch";
				INFOPLIST_FILE = "RecipeBook/RecipeBook-Info.plist";
				IPHONEOS_DEPLOYMENT_TARGET = 5.1;
				PRODUCT_NAME = "$(TARGET_NAME)";
				WRAPPER_EXTENSION = app;
			};
			name = Release;
		};
/* End XCBuildConfiguration section */

/* Begin XCConfigurationList section */
		1D14C51F171CC4C0006B2CB1 /* Build configuration list for PBXProject "RecipeBook" */ = {
			isa = XCConfigurationList;
			buildConfigurations = (
				1D14C545171CC4C0006B2CB1 /* Debug */,
				1D14C546171CC4C0006B2CB1 /* Release */,
			);
			defaultConfigurationIsVisible = 0;
			defaultConfigurationName = Release;
		};
		1D14C547171CC4C0006B2CB1 /* Build configuration list for PBXNativeTarget "RecipeBook" */ = {
			isa = XCConfigurationList;
			buildConfigurations = (
				1D14C548171CC4C0006B2CB1 /* Debug */,
				1D14C549171CC4C0006B2CB1 /* Release */,
			);
			defaultConfigurationIsVisible = 0;
			defaultConfigurationName = Release;
		};
/* End XCConfigurationList section */
	};
	rootObject = 1D14C51C171CC4C0006B2CB1 /* Project object */;
}
