// !$*UTF8*$!
{
	archiveVersion = 1;
	classes = {
	};
	objectVersion = 46;
	objects = {

/* Begin PBXBuildFile section */
		1D0AA1BD17226BA400177EA1 /* UIKit.framework in Frameworks */ = {isa = PBXBuildFile; fileRef = 1D0AA1BC17226BA400177EA1 /* UIKit.framework */; };
		1D0AA1BF17226BA400177EA1 /* Foundation.framework in Frameworks */ = {isa = PBXBuildFile; fileRef = 1D0AA1BE17226BA400177EA1 /* Foundation.framework */; };
		1D0AA1C117226BA400177EA1 /* CoreGraphics.framework in Frameworks */ = {isa = PBXBuildFile; fileRef = 1D0AA1C017226BA400177EA1 /* CoreGraphics.framework */; };
		1D0AA1C717226BA400177EA1 /* InfoPlist.strings in Resources */ = {isa = PBXBuildFile; fileRef = 1D0AA1C517226BA400177EA1 /* InfoPlist.strings */; };
		1D0AA1C917226BA400177EA1 /* main.m in Sources */ = {isa = PBXBuildFile; fileRef = 1D0AA1C817226BA400177EA1 /* main.m */; };
		1D0AA1CD17226BA400177EA1 /* FGAppDelegate.m in Sources */ = {isa = PBXBuildFile; fileRef = 1D0AA1CC17226BA400177EA1 /* FGAppDelegate.m */; };
		1D0AA1CF17226BA400177EA1 /* Default.png in Resources */ = {isa = PBXBuildFile; fileRef = 1D0AA1CE17226BA400177EA1 /* Default.png */; };
		1D0AA1D117226BA400177EA1 /* Default@2x.png in Resources */ = {isa = PBXBuildFile; fileRef = 1D0AA1D017226BA400177EA1 /* Default@2x.png */; };
		1D0AA1D317226BA400177EA1 /* Default-568h@2x.png in Resources */ = {isa = PBXBuildFile; fileRef = 1D0AA1D217226BA400177EA1 /* Default-568h@2x.png */; };
		1D0AA1D617226BA400177EA1 /* MainStoryboard.storyboard in Resources */ = {isa = PBXBuildFile; fileRef = 1D0AA1D417226BA400177EA1 /* MainStoryboard.storyboard */; };
		1D0AA1E117226CDA00177EA1 /* RecipeCollectionViewController.m in Sources */ = {isa = PBXBuildFile; fileRef = 1D0AA1E017226CDA00177EA1 /* RecipeCollectionViewController.m */; };
		1D0AA20B17227D3A00177EA1 /* photo-frame.png in Resources */ = {isa = PBXBuildFile; fileRef = 1D0AA20A17227D3A00177EA1 /* photo-frame.png */; };
		1D0AA21C17227D7B00177EA1 /* angry_birds_cake.jpg in Resources */ = {isa = PBXBuildFile; fileRef = 1D0AA20C17227D7B00177EA1 /* angry_birds_cake.jpg */; };
		1D0AA21D17227D7B00177EA1 /* creme_brelee.jpg in Resources */ = {isa = PBXBuildFile; fileRef = 1D0AA20D17227D7B00177EA1 /* creme_brelee.jpg */; };
		1D0AA21E17227D7B00177EA1 /* egg_benedict.jpg in Resources */ = {isa = PBXBuildFile; fileRef = 1D0AA20E17227D7B00177EA1 /* egg_benedict.jpg */; };
		1D0AA21F17227D7B00177EA1 /* full_breakfast.jpg in Resources */ = {isa = PBXBuildFile; fileRef = 1D0AA20F17227D7B00177EA1 /* full_breakfast.jpg */; };
		1D0AA22017227D7B00177EA1 /* green_tea.jpg in Resources */ = {isa = PBXBuildFile; fileRef = 1D0AA21017227D7B00177EA1 /* green_tea.jpg */; };
		1D0AA22117227D7B00177EA1 /* ham_and_cheese_panini.jpg in Resources */ = {isa = PBXBuildFile; fileRef = 1D0AA21117227D7B00177EA1 /* ham_and_cheese_panini.jpg */; };
		1D0AA22217227D7B00177EA1 /* ham_and_egg_sandwich.jpg in Resources */ = {isa = PBXBuildFile; fileRef = 1D0AA21217227D7B00177EA1 /* ham_and_egg_sandwich.jpg */; };
		1D0AA22317227D7B00177EA1 /* hamburger.jpg in Resources */ = {isa = PBXBuildFile; fileRef = 1D0AA21317227D7B00177EA1 /* hamburger.jpg */; };
		1D0AA22417227D7B00177EA1 /* instant_noodle_with_egg.jpg in Resources */ = {isa = PBXBuildFile; fileRef = 1D0AA21417227D7B00177EA1 /* instant_noodle_with_egg.jpg */; };
		1D0AA22517227D7B00177EA1 /* japanese_noodle_with_pork.jpg in Resources */ = {isa = PBXBuildFile; fileRef = 1D0AA21517227D7B00177EA1 /* japanese_noodle_with_pork.jpg */; };
		1D0AA22617227D7B00177EA1 /* mushroom_risotto.jpg in Resources */ = {isa = PBXBuildFile; fileRef = 1D0AA21617227D7B00177EA1 /* mushroom_risotto.jpg */; };
		1D0AA22717227D7B00177EA1 /* noodle_with_bbq_pork.jpg in Resources */ = {isa = PBXBuildFile; fileRef = 1D0AA21717227D7B00177EA1 /* noodle_with_bbq_pork.jpg */; };
		1D0AA22817227D7B00177EA1 /* starbucks_coffee.jpg in Resources */ = {isa = PBXBuildFile; fileRef = 1D0AA21817227D7B00177EA1 /* starbucks_coffee.jpg */; };
		1D0AA22917227D7B00177EA1 /* thai_shrimp_cake.jpg in Resources */ = {isa = PBXBuildFile; fileRef = 1D0AA21917227D7B00177EA1 /* thai_shrimp_cake.jpg */; };
		1D0AA22A17227D7B00177EA1 /* vegetable_curry.jpg in Resources */ = {isa = PBXBuildFile; fileRef = 1D0AA21A17227D7B00177EA1 /* vegetable_curry.jpg */; };
		1D0AA22B17227D7B00177EA1 /* white_chocolate_donut.jpg in Resources */ = {isa = PBXBuildFile; fileRef = 1D0AA21B17227D7B00177EA1 /* white_chocolate_donut.jpg */; };
		1D0AA23617227E5600177EA1 /* footer_banner.png in Resources */ = {isa = PBXBuildFile; fileRef = 1D0AA23417227E5600177EA1 /* footer_banner.png */; };
		1D0AA23717227E5600177EA1 /* header_banner.png in Resources */ = {isa = PBXBuildFile; fileRef = 1D0AA23517227E5600177EA1 /* header_banner.png */; };
		1D0AA23A17227EA000177EA1 /* SectionHeaderView.m in Sources */ = {isa = PBXBuildFile; fileRef = 1D0AA23917227EA000177EA1 /* SectionHeaderView.m */; };
		1D0AA23D17237FAA00177EA1 /* RecipeDetailViewController.m in Sources */ = {isa = PBXBuildFile; fileRef = 1D0AA23C17237FAA00177EA1 /* RecipeDetailViewController.m */; };
		1D0AA23F17243BD400177EA1 /* selected-photo-frame.png in Resources */ = {isa = PBXBuildFile; fileRef = 1D0AA23E17243BD400177EA1 /* selected-photo-frame.png */; };
/* End PBXBuildFile section */

/* Begin PBXFileReference section */
		1D0AA1B917226BA400177EA1 /* RecipePhoto.app */ = {isa = PBXFileReference; explicitFileType = wrapper.application; includeInIndex = 0; path = RecipePhoto.app; sourceTree = BUILT_PRODUCTS_DIR; };
		1D0AA1BC17226BA400177EA1 /* UIKit.framework */ = {isa = PBXFileReference; lastKnownFileType = wrapper.framework; name = UIKit.framework; path = System/Library/Frameworks/UIKit.framework; sourceTree = SDKROOT; };
		1D0AA1BE17226BA400177EA1 /* Foundation.framework */ = {isa = PBXFileReference; lastKnownFileType = wrapper.framework; name = Foundation.framework; path = System/Library/Frameworks/Foundation.framework; sourceTree = SDKROOT; };
		1D0AA1C017226BA400177EA1 /* CoreGraphics.framework */ = {isa = PBXFileReference; lastKnownFileType = wrapper.framework; name = CoreGraphics.framework; path = System/Library/Frameworks/CoreGraphics.framework; sourceTree = SDKROOT; };
		1D0AA1C417226BA400177EA1 /* RecipePhoto-Info.plist */ = {isa = PBXFileReference; lastKnownFileType = text.plist.xml; path = "RecipePhoto-Info.plist"; sourceTree = "<group>"; };
		1D0AA1C617226BA400177EA1 /* en */ = {isa = PBXFileReference; lastKnownFileType = text.plist.strings; name = en; path = en.lproj/InfoPlist.strings; sourceTree = "<group>"; };
		1D0AA1C817226BA400177EA1 /* main.m */ = {isa = PBXFileReference; lastKnownFileType = sourcecode.c.objc; path = main.m; sourceTree = "<group>"; };
		1D0AA1CA17226BA400177EA1 /* RecipePhoto-Prefix.pch */ = {isa = PBXFileReference; lastKnownFileType = sourcecode.c.h; path = "RecipePhoto-Prefix.pch"; sourceTree = "<group>"; };
		1D0AA1CB17226BA400177EA1 /* FGAppDelegate.h */ = {isa = PBXFileReference; lastKnownFileType = sourcecode.c.h; path = FGAppDelegate.h; sourceTree = "<group>"; };
		1D0AA1CC17226BA400177EA1 /* FGAppDelegate.m */ = {isa = PBXFileReference; lastKnownFileType = sourcecode.c.objc; path = FGAppDelegate.m; sourceTree = "<group>"; };
		1D0AA1CE17226BA400177EA1 /* Default.png */ = {isa = PBXFileReference; lastKnownFileType = image.png; path = Default.png; sourceTree = "<group>"; };
		1D0AA1D017226BA400177EA1 /* Default@2x.png */ = {isa = PBXFileReference; lastKnownFileType = image.png; path = "Default@2x.png"; sourceTree = "<group>"; };
		1D0AA1D217226BA400177EA1 /* Default-568h@2x.png */ = {isa = PBXFileReference; lastKnownFileType = image.png; path = "Default-568h@2x.png"; sourceTree = "<group>"; };
		1D0AA1D517226BA400177EA1 /* en */ = {isa = PBXFileReference; lastKnownFileType = file.storyboard; name = en; path = en.lproj/MainStoryboard.storyboard; sourceTree = "<group>"; };
		1D0AA1DF17226CDA00177EA1 /* RecipeCollectionViewController.h */ = {isa = PBXFileReference; fileEncoding = 4; lastKnownFileType = sourcecode.c.h; path = RecipeCollectionViewController.h; sourceTree = "<group>"; };
		1D0AA1E017226CDA00177EA1 /* RecipeCollectionViewController.m */ = {isa = PBXFileReference; fileEncoding = 4; lastKnownFileType = sourcecode.c.objc; path = RecipeCollectionViewController.m; sourceTree = "<group>"; };
		1D0AA20A17227D3A00177EA1 /* photo-frame.png */ = {isa = PBXFileReference; lastKnownFileType = image.png; name = "photo-frame.png"; path = "food/photo-frame.png"; sourceTree = SOURCE_ROOT; };
		1D0AA20C17227D7B00177EA1 /* angry_birds_cake.jpg */ = {isa = PBXFileReference; lastKnownFileType = image.jpeg; name = angry_birds_cake.jpg; path = food/angry_birds_cake.jpg; sourceTree = SOURCE_ROOT; };
		1D0AA20D17227D7B00177EA1 /* creme_brelee.jpg */ = {isa = PBXFileReference; lastKnownFileType = image.jpeg; name = creme_brelee.jpg; path = food/creme_brelee.jpg; sourceTree = SOURCE_ROOT; };
		1D0AA20E17227D7B00177EA1 /* egg_benedict.jpg */ = {isa = PBXFileReference; lastKnownFileType = image.jpeg; name = egg_benedict.jpg; path = food/egg_benedict.jpg; sourceTree = SOURCE_ROOT; };
		1D0AA20F17227D7B00177EA1 /* full_breakfast.jpg */ = {isa = PBXFileReference; lastKnownFileType = image.jpeg; name = full_breakfast.jpg; path = food/full_breakfast.jpg; sourceTree = SOURCE_ROOT; };
		1D0AA21017227D7B00177EA1 /* green_tea.jpg */ = {isa = PBXFileReference; lastKnownFileType = image.jpeg; name = green_tea.jpg; path = food/green_tea.jpg; sourceTree = SOURCE_ROOT; };
		1D0AA21117227D7B00177EA1 /* ham_and_cheese_panini.jpg */ = {isa = PBXFileReference; lastKnownFileType = image.jpeg; name = ham_and_cheese_panini.jpg; path = food/ham_and_cheese_panini.jpg; sourceTree = SOURCE_ROOT; };
		1D0AA21217227D7B00177EA1 /* ham_and_egg_sandwich.jpg */ = {isa = PBXFileReference; lastKnownFileType = image.jpeg; name = ham_and_egg_sandwich.jpg; path = food/ham_and_egg_sandwich.jpg; sourceTree = SOURCE_ROOT; };
		1D0AA21317227D7B00177EA1 /* hamburger.jpg */ = {isa = PBXFileReference; lastKnownFileType = image.jpeg; name = hamburger.jpg; path = food/hamburger.jpg; sourceTree = SOURCE_ROOT; };
		1D0AA21417227D7B00177EA1 /* instant_noodle_with_egg.jpg */ = {isa = PBXFileReference; lastKnownFileType = image.jpeg; name = instant_noodle_with_egg.jpg; path = food/instant_noodle_with_egg.jpg; sourceTree = SOURCE_ROOT; };
		1D0AA21517227D7B00177EA1 /* japanese_noodle_with_pork.jpg */ = {isa = PBXFileReference; lastKnownFileType = image.jpeg; name = japanese_noodle_with_pork.jpg; path = food/japanese_noodle_with_pork.jpg; sourceTree = SOURCE_ROOT; };
		1D0AA21617227D7B00177EA1 /* mushroom_risotto.jpg */ = {isa = PBXFileReference; lastKnownFileType = image.jpeg; name = mushroom_risotto.jpg; path = food/mushroom_risotto.jpg; sourceTree = SOURCE_ROOT; };
		1D0AA21717227D7B00177EA1 /* noodle_with_bbq_pork.jpg */ = {isa = PBXFileReference; lastKnownFileType = image.jpeg; name = noodle_with_bbq_pork.jpg; path = food/noodle_with_bbq_pork.jpg; sourceTree = SOURCE_ROOT; };
		1D0AA21817227D7B00177EA1 /* starbucks_coffee.jpg */ = {isa = PBXFileReference; lastKnownFileType = image.jpeg; name = starbucks_coffee.jpg; path = food/starbucks_coffee.jpg; sourceTree = SOURCE_ROOT; };
		1D0AA21917227D7B00177EA1 /* thai_shrimp_cake.jpg */ = {isa = PBXFileReference; lastKnownFileType = image.jpeg; name = thai_shrimp_cake.jpg; path = food/thai_shrimp_cake.jpg; sourceTree = SOURCE_ROOT; };
		1D0AA21A17227D7B00177EA1 /* vegetable_curry.jpg */ = {isa = PBXFileReference; lastKnownFileType = image.jpeg; name = vegetable_curry.jpg; path = food/vegetable_curry.jpg; sourceTree = SOURCE_ROOT; };
		1D0AA21B17227D7B00177EA1 /* white_chocolate_donut.jpg */ = {isa = PBXFileReference; lastKnownFileType = image.jpeg; name = white_chocolate_donut.jpg; path = food/white_chocolate_donut.jpg; sourceTree = SOURCE_ROOT; };
		1D0AA23417227E5600177EA1 /* footer_banner.png */ = {isa = PBXFileReference; lastKnownFileType = image.png; name = footer_banner.png; path = food/footer_banner.png; sourceTree = SOURCE_ROOT; };
		1D0AA23517227E5600177EA1 /* header_banner.png */ = {isa = PBXFileReference; lastKnownFileType = image.png; name = header_banner.png; path = food/header_banner.png; sourceTree = SOURCE_ROOT; };
		1D0AA23817227EA000177EA1 /* SectionHeaderView.h */ = {isa = PBXFileReference; fileEncoding = 4; lastKnownFileType = sourcecode.c.h; path = SectionHeaderView.h; sourceTree = "<group>"; };
		1D0AA23917227EA000177EA1 /* SectionHeaderView.m */ = {isa = PBXFileReference; fileEncoding = 4; lastKnownFileType = sourcecode.c.objc; path = SectionHeaderView.m; sourceTree = "<group>"; };
		1D0AA23B17237FAA00177EA1 /* RecipeDetailViewController.h */ = {isa = PBXFileReference; fileEncoding = 4; lastKnownFileType = sourcecode.c.h; path = RecipeDetailViewController.h; sourceTree = "<group>"; };
		1D0AA23C17237FAA00177EA1 /* RecipeDetailViewController.m */ = {isa = PBXFileReference; fileEncoding = 4; lastKnownFileType = sourcecode.c.objc; path = RecipeDetailViewController.m; sourceTree = "<group>"; };
		1D0AA23E17243BD400177EA1 /* selected-photo-frame.png */ = {isa = PBXFileReference; lastKnownFileType = image.png; name = "selected-photo-frame.png"; path = "food/selected-photo-frame.png"; sourceTree = SOURCE_ROOT; };
/* End PBXFileReference section */

/* Begin PBXFrameworksBuildPhase section */
		1D0AA1B617226BA400177EA1 /* Frameworks */ = {
			isa = PBXFrameworksBuildPhase;
			buildActionMask = 2147483647;
			files = (
				1D0AA1BD17226BA400177EA1 /* UIKit.framework in Frameworks */,
				1D0AA1BF17226BA400177EA1 /* Foundation.framework in Frameworks */,
				1D0AA1C117226BA400177EA1 /* CoreGraphics.framework in Frameworks */,
			);
			runOnlyForDeploymentPostprocessing = 0;
		};
/* End PBXFrameworksBuildPhase section */

/* Begin PBXGroup section */
		1D0AA1B017226BA400177EA1 = {
			isa = PBXGroup;
			children = (
				1D0AA2051722748F00177EA1 /* resources */,
				1D0AA1E21722745400177EA1 /* food */,
				1D0AA1C217226BA400177EA1 /* RecipePhoto */,
				1D0AA1BB17226BA400177EA1 /* Frameworks */,
				1D0AA1BA17226BA400177EA1 /* Products */,
			);
			sourceTree = "<group>";
		};
		1D0AA1BA17226BA400177EA1 /* Products */ = {
			isa = PBXGroup;
			children = (
				1D0AA1B917226BA400177EA1 /* RecipePhoto.app */,
			);
			name = Products;
			sourceTree = "<group>";
		};
		1D0AA1BB17226BA400177EA1 /* Frameworks */ = {
			isa = PBXGroup;
			children = (
				1D0AA1BC17226BA400177EA1 /* UIKit.framework */,
				1D0AA1BE17226BA400177EA1 /* Foundation.framework */,
				1D0AA1C017226BA400177EA1 /* CoreGraphics.framework */,
			);
			name = Frameworks;
			sourceTree = "<group>";
		};
		1D0AA1C217226BA400177EA1 /* RecipePhoto */ = {
			isa = PBXGroup;
			children = (
				1D0AA1CB17226BA400177EA1 /* FGAppDelegate.h */,
				1D0AA1CC17226BA400177EA1 /* FGAppDelegate.m */,
				1D0AA1D417226BA400177EA1 /* MainStoryboard.storyboard */,
				1D0AA1DF17226CDA00177EA1 /* RecipeCollectionViewController.h */,
				1D0AA1E017226CDA00177EA1 /* RecipeCollectionViewController.m */,
				1D0AA23817227EA000177EA1 /* SectionHeaderView.h */,
				1D0AA23917227EA000177EA1 /* SectionHeaderView.m */,
				1D0AA23B17237FAA00177EA1 /* RecipeDetailViewController.h */,
				1D0AA23C17237FAA00177EA1 /* RecipeDetailViewController.m */,
				1D0AA1C317226BA400177EA1 /* Supporting Files */,
			);
			path = RecipePhoto;
			sourceTree = "<group>";
		};
		1D0AA1C317226BA400177EA1 /* Supporting Files */ = {
			isa = PBXGroup;
			children = (
				1D0AA1C417226BA400177EA1 /* RecipePhoto-Info.plist */,
				1D0AA1C517226BA400177EA1 /* InfoPlist.strings */,
				1D0AA1C817226BA400177EA1 /* main.m */,
				1D0AA1CA17226BA400177EA1 /* RecipePhoto-Prefix.pch */,
				1D0AA1CE17226BA400177EA1 /* Default.png */,
				1D0AA1D017226BA400177EA1 /* Default@2x.png */,
				1D0AA1D217226BA400177EA1 /* Default-568h@2x.png */,
			);
			name = "Supporting Files";
			sourceTree = "<group>";
		};
		1D0AA1E21722745400177EA1 /* food */ = {
			isa = PBXGroup;
			children = (
				1D0AA20C17227D7B00177EA1 /* angry_birds_cake.jpg */,
				1D0AA20D17227D7B00177EA1 /* creme_brelee.jpg */,
				1D0AA20E17227D7B00177EA1 /* egg_benedict.jpg */,
				1D0AA20F17227D7B00177EA1 /* full_breakfast.jpg */,
				1D0AA21017227D7B00177EA1 /* green_tea.jpg */,
				1D0AA21117227D7B00177EA1 /* ham_and_cheese_panini.jpg */,
				1D0AA21217227D7B00177EA1 /* ham_and_egg_sandwich.jpg */,
				1D0AA21317227D7B00177EA1 /* hamburger.jpg */,
				1D0AA21417227D7B00177EA1 /* instant_noodle_with_egg.jpg */,
				1D0AA21517227D7B00177EA1 /* japanese_noodle_with_pork.jpg */,
				1D0AA21617227D7B00177EA1 /* mushroom_risotto.jpg */,
				1D0AA21717227D7B00177EA1 /* noodle_with_bbq_pork.jpg */,
				1D0AA21817227D7B00177EA1 /* starbucks_coffee.jpg */,
				1D0AA21917227D7B00177EA1 /* thai_shrimp_cake.jpg */,
				1D0AA21A17227D7B00177EA1 /* vegetable_curry.jpg */,
				1D0AA21B17227D7B00177EA1 /* white_chocolate_donut.jpg */,
			);
			name = food;
			path = RecipePhoto;
			sourceTree = "<group>";
		};
		1D0AA2051722748F00177EA1 /* resources */ = {
			isa = PBXGroup;
			children = (
				1D0AA23E17243BD400177EA1 /* selected-photo-frame.png */,
				1D0AA23417227E5600177EA1 /* footer_banner.png */,
				1D0AA23517227E5600177EA1 /* header_banner.png */,
				1D0AA20A17227D3A00177EA1 /* photo-frame.png */,
			);
			name = resources;
			path = RecipePhoto;
			sourceTree = "<group>";
		};
/* End PBXGroup section */

/* Begin PBXNativeTarget section */
		1D0AA1B817226BA400177EA1 /* RecipePhoto */ = {
			isa = PBXNativeTarget;
			buildConfigurationList = 1D0AA1DC17226BA400177EA1 /* Build configuration list for PBXNativeTarget "RecipePhoto" */;
			buildPhases = (
				1D0AA1B517226BA400177EA1 /* Sources */,
				1D0AA1B617226BA400177EA1 /* Frameworks */,
				1D0AA1B717226BA400177EA1 /* Resources */,
			);
			buildRules = (
			);
			dependencies = (
			);
			name = RecipePhoto;
			productName = RecipePhoto;
			productReference = 1D0AA1B917226BA400177EA1 /* RecipePhoto.app */;
			productType = "com.apple.product-type.application";
		};
/* End PBXNativeTarget section */

/* Begin PBXProject section */
		1D0AA1B117226BA400177EA1 /* Project object */ = {
			isa = PBXProject;
			attributes = {
				CLASSPREFIX = FG;
				LastUpgradeCheck = 0460;
				ORGANIZATIONNAME = "Le Quoc Viet";
			};
			buildConfigurationList = 1D0AA1B417226BA400177EA1 /* Build configuration list for PBXProject "RecipePhoto" */;
			compatibilityVersion = "Xcode 3.2";
			developmentRegion = English;
			hasScannedForEncodings = 0;
			knownRegions = (
				en,
			);
			mainGroup = 1D0AA1B017226BA400177EA1;
			productRefGroup = 1D0AA1BA17226BA400177EA1 /* Products */;
			projectDirPath = "";
			projectRoot = "";
			targets = (
				1D0AA1B817226BA400177EA1 /* RecipePhoto */,
			);
		};
/* End PBXProject section */

/* Begin PBXResourcesBuildPhase section */
		1D0AA1B717226BA400177EA1 /* Resources */ = {
			isa = PBXResourcesBuildPhase;
			buildActionMask = 2147483647;
			files = (
				1D0AA1C717226BA400177EA1 /* InfoPlist.strings in Resources */,
				1D0AA1CF17226BA400177EA1 /* Default.png in Resources */,
				1D0AA1D117226BA400177EA1 /* Default@2x.png in Resources */,
				1D0AA1D317226BA400177EA1 /* Default-568h@2x.png in Resources */,
				1D0AA1D617226BA400177EA1 /* MainStoryboard.storyboard in Resources */,
				1D0AA20B17227D3A00177EA1 /* photo-frame.png in Resources */,
				1D0AA21C17227D7B00177EA1 /* angry_birds_cake.jpg in Resources */,
				1D0AA21D17227D7B00177EA1 /* creme_brelee.jpg in Resources */,
				1D0AA21E17227D7B00177EA1 /* egg_benedict.jpg in Resources */,
				1D0AA21F17227D7B00177EA1 /* full_breakfast.jpg in Resources */,
				1D0AA22017227D7B00177EA1 /* green_tea.jpg in Resources */,
				1D0AA22117227D7B00177EA1 /* ham_and_cheese_panini.jpg in Resources */,
				1D0AA22217227D7B00177EA1 /* ham_and_egg_sandwich.jpg in Resources */,
				1D0AA22317227D7B00177EA1 /* hamburger.jpg in Resources */,
				1D0AA22417227D7B00177EA1 /* instant_noodle_with_egg.jpg in Resources */,
				1D0AA22517227D7B00177EA1 /* japanese_noodle_with_pork.jpg in Resources */,
				1D0AA22617227D7B00177EA1 /* mushroom_risotto.jpg in Resources */,
				1D0AA22717227D7B00177EA1 /* noodle_with_bbq_pork.jpg in Resources */,
				1D0AA22817227D7B00177EA1 /* starbucks_coffee.jpg in Resources */,
				1D0AA22917227D7B00177EA1 /* thai_shrimp_cake.jpg in Resources */,
				1D0AA22A17227D7B00177EA1 /* vegetable_curry.jpg in Resources */,
				1D0AA22B17227D7B00177EA1 /* white_chocolate_donut.jpg in Resources */,
				1D0AA23617227E5600177EA1 /* footer_banner.png in Resources */,
				1D0AA23717227E5600177EA1 /* header_banner.png in Resources */,
				1D0AA23F17243BD400177EA1 /* selected-photo-frame.png in Resources */,
			);
			runOnlyForDeploymentPostprocessing = 0;
		};
/* End PBXResourcesBuildPhase section */

/* Begin PBXSourcesBuildPhase section */
		1D0AA1B517226BA400177EA1 /* Sources */ = {
			isa = PBXSourcesBuildPhase;
			buildActionMask = 2147483647;
			files = (
				1D0AA1C917226BA400177EA1 /* main.m in Sources */,
				1D0AA1CD17226BA400177EA1 /* FGAppDelegate.m in Sources */,
				1D0AA1E117226CDA00177EA1 /* RecipeCollectionViewController.m in Sources */,
				1D0AA23A17227EA000177EA1 /* SectionHeaderView.m in Sources */,
				1D0AA23D17237FAA00177EA1 /* RecipeDetailViewController.m in Sources */,
			);
			runOnlyForDeploymentPostprocessing = 0;
		};
/* End PBXSourcesBuildPhase section */

/* Begin PBXVariantGroup section */
		1D0AA1C517226BA400177EA1 /* InfoPlist.strings */ = {
			isa = PBXVariantGroup;
			children = (
				1D0AA1C617226BA400177EA1 /* en */,
			);
			name = InfoPlist.strings;
			sourceTree = "<group>";
		};
		1D0AA1D417226BA400177EA1 /* MainStoryboard.storyboard */ = {
			isa = PBXVariantGroup;
			children = (
				1D0AA1D517226BA400177EA1 /* en */,
			);
			name = MainStoryboard.storyboard;
			sourceTree = "<group>";
		};
/* End PBXVariantGroup section */

/* Begin XCBuildConfiguration section */
		1D0AA1DA17226BA400177EA1 /* Debug */ = {
			isa = XCBuildConfiguration;
			buildSettings = {
				ALWAYS_SEARCH_USER_PATHS = NO;
				CLANG_CXX_LANGUAGE_STANDARD = "gnu++0x";
				CLANG_CXX_LIBRARY = "libc++";
				CLANG_ENABLE_OBJC_ARC = YES;
				CLANG_WARN_CONSTANT_CONVERSION = YES;
				CLANG_WARN_EMPTY_BODY = YES;
				CLANG_WARN_ENUM_CONVERSION = YES;
				CLANG_WARN_INT_CONVERSION = YES;
				CLANG_WARN__DUPLICATE_METHOD_MATCH = YES;
				"CODE_SIGN_IDENTITY[sdk=iphoneos*]" = "iPhone Developer";
				COPY_PHASE_STRIP = NO;
				GCC_C_LANGUAGE_STANDARD = gnu99;
				GCC_DYNAMIC_NO_PIC = NO;
				GCC_OPTIMIZATION_LEVEL = 0;
				GCC_PREPROCESSOR_DEFINITIONS = (
					"DEBUG=1",
					"$(inherited)",
				);
				GCC_SYMBOLS_PRIVATE_EXTERN = NO;
				GCC_WARN_ABOUT_RETURN_TYPE = YES;
				GCC_WARN_UNINITIALIZED_AUTOS = YES;
				GCC_WARN_UNUSED_VARIABLE = YES;
				IPHONEOS_DEPLOYMENT_TARGET = 6.1;
				ONLY_ACTIVE_ARCH = YES;
				SDKROOT = iphoneos;
			};
			name = Debug;
		};
		1D0AA1DB17226BA400177EA1 /* Release */ = {
			isa = XCBuildConfiguration;
			buildSettings = {
				ALWAYS_SEARCH_USER_PATHS = NO;
				CLANG_CXX_LANGUAGE_STANDARD = "gnu++0x";
				CLANG_CXX_LIBRARY = "libc++";
				CLANG_ENABLE_OBJC_ARC = YES;
				CLANG_WARN_CONSTANT_CONVERSION = YES;
				CLANG_WARN_EMPTY_BODY = YES;
				CLANG_WARN_ENUM_CONVERSION = YES;
				CLANG_WARN_INT_CONVERSION = YES;
				CLANG_WARN__DUPLICATE_METHOD_MATCH = YES;
				"CODE_SIGN_IDENTITY[sdk=iphoneos*]" = "iPhone Developer";
				COPY_PHASE_STRIP = YES;
				GCC_C_LANGUAGE_STANDARD = gnu99;
				GCC_WARN_ABOUT_RETURN_TYPE = YES;
				GCC_WARN_UNINITIALIZED_AUTOS = YES;
				GCC_WARN_UNUSED_VARIABLE = YES;
				IPHONEOS_DEPLOYMENT_TARGET = 6.1;
				OTHER_CFLAGS = "-DNS_BLOCK_ASSERTIONS=1";
				SDKROOT = iphoneos;
				VALIDATE_PRODUCT = YES;
			};
			name = Release;
		};
		1D0AA1DD17226BA400177EA1 /* Debug */ = {
			isa = XCBuildConfiguration;
			buildSettings = {
				GCC_PRECOMPILE_PREFIX_HEADER = YES;
				GCC_PREFIX_HEADER = "RecipePhoto/RecipePhoto-Prefix.pch";
				INFOPLIST_FILE = "RecipePhoto/RecipePhoto-Info.plist";
				IPHONEOS_DEPLOYMENT_TARGET = 6.0;
				PRODUCT_NAME = "$(TARGET_NAME)";
				WRAPPER_EXTENSION = app;
			};
			name = Debug;
		};
		1D0AA1DE17226BA400177EA1 /* Release */ = {
			isa = XCBuildConfiguration;
			buildSettings = {
				GCC_PRECOMPILE_PREFIX_HEADER = YES;
				GCC_PREFIX_HEADER = "RecipePhoto/RecipePhoto-Prefix.pch";
				INFOPLIST_FILE = "RecipePhoto/RecipePhoto-Info.plist";
				IPHONEOS_DEPLOYMENT_TARGET = 6.0;
				PRODUCT_NAME = "$(TARGET_NAME)";
				WRAPPER_EXTENSION = app;
			};
			name = Release;
		};
/* End XCBuildConfiguration section */

/* Begin XCConfigurationList section */
		1D0AA1B417226BA400177EA1 /* Build configuration list for PBXProject "RecipePhoto" */ = {
			isa = XCConfigurationList;
			buildConfigurations = (
				1D0AA1DA17226BA400177EA1 /* Debug */,
				1D0AA1DB17226BA400177EA1 /* Release */,
			);
			defaultConfigurationIsVisible = 0;
			defaultConfigurationName = Release;
		};
		1D0AA1DC17226BA400177EA1 /* Build configuration list for PBXNativeTarget "RecipePhoto" */ = {
			isa = XCConfigurationList;
			buildConfigurations = (
				1D0AA1DD17226BA400177EA1 /* Debug */,
				1D0AA1DE17226BA400177EA1 /* Release */,
			);
			defaultConfigurationIsVisible = 0;
		};
/* End XCConfigurationList section */
	};
	rootObject = 1D0AA1B117226BA400177EA1 /* Project object */;
}
